
Microsoft Visual Studio Solution File, Format Version 12.00
# Visual Studio Version 17
VisualStudioVersion = 17.1.32210.238
MinimumVisualStudioVersion = 10.0.40219.1
Project("{FAE04EC0-301F-11D3-BF4B-00C04F79EFBC}") = "SelfHostedPasswordManager", "SelfHostedPasswordManager.csproj", "{505379C5-35C2-477D-BFF2-5E9683EA70C0}"
EndProject
Global
	GlobalSection(SolutionConfigurationPlatforms) = preSolution
		Debug|Any CPU = Debug|Any CPU
		Release|Any CPU = Release|Any CPU
	EndGlobalSection
	GlobalSection(ProjectConfigurationPlatforms) = postSolution
		{505379C5-35C2-477D-BFF2-5E9683EA70C0}.Debug|Any CPU.ActiveCfg = Debug|Any CPU
		{505379C5-35C2-477D-BFF2-5E9683EA70C0}.Debug|Any CPU.Build.0 = Debug|Any CPU
		{505379C5-35C2-477D-BFF2-5E9683EA70C0}.Release|Any CPU.ActiveCfg = Release|Any CPU
		{505379C5-35C2-477D-BFF2-5E9683EA70C0}.Release|Any CPU.Build.0 = Release|Any CPU
	EndGlobalSection
	GlobalSection(SolutionProperties) = preSolution
		HideSolutionNode = FALSE
	EndGlobalSection
	GlobalSection(ExtensibilityGlobals) = postSolution
		SolutionGuid = {597A6110-805B-41B8-A7C3-86F086D47055}
	EndGlobalSection
EndGlobal
